<?xml version="1.0" encoding="utf-8"?>
<Project ToolsVersion="4.0" xmlns="http://schemas.microsoft.com/developer/msbuild/2003">
  <ItemGroup>
    <Filter Include="Source Files">
      <UniqueIdentifier>{4FC737F1-C7A5-4376-A066-2A32D752A2FF}</UniqueIdentifier>
      <Extensions>cpp;c;cc;cxx;def;odl;idl;hpj;bat;asm;asmx</Extensions>
    </Filter>
    <Filter Include="Header Files">
      <UniqueIdentifier>{93995380-89BD-4b04-88EB-625FBE52EBFB}</UniqueIdentifier>
      <Extensions>h;hh;hpp;hxx;hm;inl;inc;xsd</Extensions>
    </Filter>
    <Filter Include="Resource Files">
      <UniqueIdentifier>{67DA6AB6-F800-4c08-8B7A-83BB121AAD01}</UniqueIdentifier>
      <Extensions>rc;ico;cur;bmp;dlg;rc2;rct;bin;rgs;gif;jpg;jpeg;jpe;resx;tiff;tif;png;wav;mfcribbon-ms</Extensions>
    </Filter>
    <Filter Include="Header Files\libs">
      <UniqueIdentifier>{55c78fa9-5428-4633-a553-e240922d8780}</UniqueIdentifier>
    </Filter>
    <Filter Include="Source Files\libs">
      <UniqueIdentifier>{2f20c610-5f4d-44ae-9b0b-d5a5a2cc1d72}</UniqueIdentifier>
    </Filter>
    <Filter Include="Header Files\SDL2">
      <UniqueIdentifier>{7767eba2-e4bd-4a27-a453-12cb4e28fdb9}</UniqueIdentifier>
    </Filter>
  </ItemGroup>
  <ItemGroup>
    <ClCompile Include="..\..\..\src\main.cpp">
      <Filter>Source Files</Filter>
    </ClCompile>
    <ClCompile Include="..\..\..\src\baffa1_memory.cpp">
      <Filter>Source Files</Filter>
    </ClCompile>
    <ClCompile Include="..\..\..\src\baffa1_cpu.cpp">
      <Filter>Source Files</Filter>
    </ClCompile>
    <ClCompile Include="..\..\..\src\debugmenu_main.cpp">
      <Filter>Source Files</Filter>
    </ClCompile>
    <ClCompile Include="..\..\..\src\baffa1_rom.cpp">
      <Filter>Source Files</Filter>
    </ClCompile>
    <ClCompile Include="..\..\..\src\debugmenu_roms.cpp">
      <Filter>Source Files</Filter>
    </ClCompile>
    <ClCompile Include="..\..\..\src\utils.cpp">
      <Filter>Source Files</Filter>
    </ClCompile>
    <ClCompile Include="..\..\..\src\baffa1_register_8bit.cpp">
      <Filter>Source Files</Filter>
    </ClCompile>
    <ClCompile Include="..\..\..\src\baffa1_registers.cpp">
      <Filter>Source Files</Filter>
    </ClCompile>
    <ClCompile Include="..\..\..\src\baffa1_microcode.cpp">
      <Filter>Source Files</Filter>
    </ClCompile>
    <ClCompile Include="..\..\..\src\baffa1_alu_4bit.cpp">
      <Filter>Source Files</Filter>
    </ClCompile>
    <ClCompile Include="..\..\..\src\baffa1_alu.cpp">
      <Filter>Source Files</Filter>
    </ClCompile>
    <ClCompile Include="..\..\..\src\queue_ll.cpp">
      <Filter>Source Files\libs</Filter>
    </ClCompile>
    <ClCompile Include="..\..\..\src\tasm_opcode.cpp">
      <Filter>Source Files</Filter>
    </ClCompile>
    <ClCompile Include="..\..\..\src\hw_uart.cpp">
      <Filter>Source Files</Filter>
    </ClCompile>
    <ClCompile Include="..\..\..\src\hw_rtc.cpp">
      <Filter>Source Files</Filter>
    </ClCompile>
    <ClCompile Include="..\..\..\src\hw_ide.cpp">
      <Filter>Source Files</Filter>
    </ClCompile>
    <ClCompile Include="..\..\..\src\hw_tty.cpp">
      <Filter>Source Files</Filter>
    </ClCompile>
    <ClCompile Include="..\..\..\src\baffa1_computer.cpp">
      <Filter>Source Files</Filter>
    </ClCompile>
    <ClCompile Include="..\..\..\src\hw_timer.cpp">
      <Filter>Source Files</Filter>
    </ClCompile>
    <ClCompile Include="..\..\..\src\hw_web.cpp">
      <Filter>Source Files</Filter>
    </ClCompile>
    <ClCompile Include="..\..\..\src\baffa1_bus.cpp">
      <Filter>Source Files</Filter>
    </ClCompile>
    <ClCompile Include="..\..\..\src\linkedlist.cpp">
      <Filter>Source Files\libs</Filter>
    </ClCompile>
  </ItemGroup>
  <ItemGroup>
    <ClInclude Include="..\..\..\include\config.h">
      <Filter>Header Files</Filter>
    </ClInclude>
    <ClInclude Include="..\..\..\include\baffa1_memory.h">
      <Filter>Header Files</Filter>
    </ClInclude>
    <ClInclude Include="..\..\..\include\baffa1_registers.h">
      <Filter>Header Files</Filter>
    </ClInclude>
    <ClInclude Include="..\..\..\include\baffa1_cpu.h">
      <Filter>Header Files</Filter>
    </ClInclude>
    <ClInclude Include="..\..\..\include\debugmenu_main.h">
      <Filter>Header Files</Filter>
    </ClInclude>
    <ClInclude Include="..\..\..\include\utils.h">
      <Filter>Header Files</Filter>
    </ClInclude>
    <ClInclude Include="..\..\..\include\console_local.h">
      <Filter>Header Files</Filter>
    </ClInclude>
    <ClInclude Include="..\..\..\include\baffa1_rom.h">
      <Filter>Header Files</Filter>
    </ClInclude>
    <ClInclude Include="..\..\..\include\debugmenu_roms.h">
      <Filter>Header Files</Filter>
    </ClInclude>
    <ClInclude Include="..\..\..\include\baffa1_register_8bit.h">
      <Filter>Header Files</Filter>
    </ClInclude>
    <ClInclude Include="..\..\..\include\baffa1_microcode.h">
      <Filter>Header Files</Filter>
    </ClInclude>
    <ClInclude Include="..\..\..\include\baffa1_alu_4bit.h">
      <Filter>Header Files</Filter>
    </ClInclude>
    <ClInclude Include="..\..\..\include\baffa1_alu.h">
      <Filter>Header Files</Filter>
    </ClInclude>
    <ClInclude Include="..\..\..\include\queue_ll.h">
      <Filter>Header Files\libs</Filter>
    </ClInclude>
    <ClInclude Include="..\..\..\include\tasm_opcode.h">
      <Filter>Header Files</Filter>
    </ClInclude>
    <ClInclude Include="..\..\..\include\hw_uart.h">
      <Filter>Header Files</Filter>
    </ClInclude>
    <ClInclude Include="..\..\..\include\hw_rtc.h">
      <Filter>Header Files</Filter>
    </ClInclude>
    <ClInclude Include="..\..\..\include\hw_ide.h">
      <Filter>Header Files</Filter>
    </ClInclude>
    <ClInclude Include="..\..\..\include\hw_tty.h">
      <Filter>Header Files</Filter>
    </ClInclude>
    <ClInclude Include="..\..\..\include\baffa1_computer.h">
      <Filter>Header Files</Filter>
    </ClInclude>
    <ClInclude Include="..\..\..\include\baffa1_bus.h">
      <Filter>Header Files</Filter>
    </ClInclude>
    <ClInclude Include="..\..\..\include\hw_timer.h">
      <Filter>Header Files</Filter>
    </ClInclude>
    <ClInclude Include="..\..\..\include\hw_web.h">
      <Filter>Header Files</Filter>
    </ClInclude>
    <ClInclude Include="..\..\..\include\hw_tty_client.h">
      <Filter>Header Files</Filter>
    </ClInclude>
    <ClInclude Include="..\..\..\include\baffa1_controller_bus.h">
      <Filter>Header Files</Filter>
    </ClInclude>
    <ClInclude Include="..\..\..\include\baffa1_alu_bus.h">
      <Filter>Header Files</Filter>
    </ClInclude>
    <ClInclude Include="..\..\..\include\linkedlist.h">
      <Filter>Header Files\libs</Filter>
    </ClInclude>
    <ClInclude Include="..\..\..\include\SDL2\SDL.h">
      <Filter>Header Files\SDL2</Filter>
    </ClInclude>
    <ClInclude Include="..\..\..\include\SDL2\SDL_assert.h">
      <Filter>Header Files\SDL2</Filter>
    </ClInclude>
    <ClInclude Include="..\..\..\include\SDL2\SDL_atomic.h">
      <Filter>Header Files\SDL2</Filter>
    </ClInclude>
    <ClInclude Include="..\..\..\include\SDL2\SDL_audio.h">
      <Filter>Header Files\SDL2</Filter>
    </ClInclude>
    <ClInclude Include="..\..\..\include\SDL2\SDL_bits.h">
      <Filter>Header Files\SDL2</Filter>
    </ClInclude>
    <ClInclude Include="..\..\..\include\SDL2\SDL_blendmode.h">
      <Filter>Header Files\SDL2</Filter>
    </ClInclude>
    <ClInclude Include="..\..\..\include\SDL2\SDL_clipboard.h">
      <Filter>Header Files\SDL2</Filter>
    </ClInclude>
    <ClInclude Include="..\..\..\include\SDL2\SDL_config.h">
      <Filter>Header Files\SDL2</Filter>
    </ClInclude>
    <ClInclude Include="..\..\..\include\SDL2\SDL_cpuinfo.h">
      <Filter>Header Files\SDL2</Filter>
    </ClInclude>
    <ClInclude Include="..\..\..\include\SDL2\SDL_egl.h">
      <Filter>Header Files\SDL2</Filter>
    </ClInclude>
    <ClInclude Include="..\..\..\include\SDL2\SDL_endian.h">
      <Filter>Header Files\SDL2</Filter>
    </ClInclude>
    <ClInclude Include="..\..\..\include\SDL2\SDL_error.h">
      <Filter>Header Files\SDL2</Filter>
    </ClInclude>
    <ClInclude Include="..\..\..\include\SDL2\SDL_events.h">
      <Filter>Header Files\SDL2</Filter>
    </ClInclude>
    <ClInclude Include="..\..\..\include\SDL2\SDL_filesystem.h">
      <Filter>Header Files\SDL2</Filter>
    </ClInclude>
    <ClInclude Include="..\..\..\include\SDL2\SDL_gamecontroller.h">
      <Filter>Header Files\SDL2</Filter>
    </ClInclude>
    <ClInclude Include="..\..\..\include\SDL2\SDL_gesture.h">
      <Filter>Header Files\SDL2</Filter>
    </ClInclude>
    <ClInclude Include="..\..\..\include\SDL2\SDL_haptic.h">
      <Filter>Header Files\SDL2</Filter>
    </ClInclude>
    <ClInclude Include="..\..\..\include\SDL2\SDL_hints.h">
      <Filter>Header Files\SDL2</Filter>
    </ClInclude>
    <ClInclude Include="..\..\..\include\SDL2\SDL_joystick.h">
      <Filter>Header Files\SDL2</Filter>
    </ClInclude>
    <ClInclude Include="..\..\..\include\SDL2\SDL_keyboard.h">
      <Filter>Header Files\SDL2</Filter>
    </ClInclude>
    <ClInclude Include="..\..\..\include\SDL2\SDL_keycode.h">
      <Filter>Header Files\SDL2</Filter>
    </ClInclude>
    <ClInclude Include="..\..\..\include\SDL2\SDL_loadso.h">
      <Filter>Header Files\SDL2</Filter>
    </ClInclude>
    <ClInclude Include="..\..\..\include\SDL2\SDL_locale.h">
      <Filter>Header Files\SDL2</Filter>
    </ClInclude>
    <ClInclude Include="..\..\..\include\SDL2\SDL_log.h">
      <Filter>Header Files\SDL2</Filter>
    </ClInclude>
    <ClInclude Include="..\..\..\include\SDL2\SDL_main.h">
      <Filter>Header Files\SDL2</Filter>
    </ClInclude>
    <ClInclude Include="..\..\..\include\SDL2\SDL_messagebox.h">
      <Filter>Header Files\SDL2</Filter>
    </ClInclude>
    <ClInclude Include="..\..\..\include\SDL2\SDL_metal.h">
      <Filter>Header Files\SDL2</Filter>
    </ClInclude>
    <ClInclude Include="..\..\..\include\SDL2\SDL_misc.h">
      <Filter>Header Files\SDL2</Filter>
    </ClInclude>
    <ClInclude Include="..\..\..\include\SDL2\SDL_mouse.h">
      <Filter>Header Files\SDL2</Filter>
    </ClInclude>
    <ClInclude Include="..\..\..\include\SDL2\SDL_mutex.h">
      <Filter>Header Files\SDL2</Filter>
    </ClInclude>
    <ClInclude Include="..\..\..\include\SDL2\SDL_name.h">
      <Filter>Header Files\SDL2</Filter>
    </ClInclude>
    <ClInclude Include="..\..\..\include\SDL2\SDL_opengl.h">
      <Filter>Header Files\SDL2</Filter>
    </ClInclude>
    <ClInclude Include="..\..\..\include\SDL2\SDL_opengl_glext.h">
      <Filter>Header Files\SDL2</Filter>
    </ClInclude>
    <ClInclude Include="..\..\..\include\SDL2\SDL_opengles.h">
      <Filter>Header Files\SDL2</Filter>
    </ClInclude>
    <ClInclude Include="..\..\..\include\SDL2\SDL_opengles2.h">
      <Filter>Header Files\SDL2</Filter>
    </ClInclude>
    <ClInclude Include="..\..\..\include\SDL2\SDL_opengles2_gl2.h">
      <Filter>Header Files\SDL2</Filter>
    </ClInclude>
    <ClInclude Include="..\..\..\include\SDL2\SDL_opengles2_gl2ext.h">
      <Filter>Header Files\SDL2</Filter>
    </ClInclude>
    <ClInclude Include="..\..\..\include\SDL2\SDL_opengles2_gl2platform.h">
      <Filter>Header Files\SDL2</Filter>
    </ClInclude>
    <ClInclude Include="..\..\..\include\SDL2\SDL_opengles2_khrplatform.h">
      <Filter>Header Files\SDL2</Filter>
    </ClInclude>
    <ClInclude Include="..\..\..\include\SDL2\SDL_pixels.h">
      <Filter>Header Files\SDL2</Filter>
    </ClInclude>
    <ClInclude Include="..\..\..\include\SDL2\SDL_platform.h">
      <Filter>Header Files\SDL2</Filter>
    </ClInclude>
    <ClInclude Include="..\..\..\include\SDL2\SDL_power.h">
      <Filter>Header Files\SDL2</Filter>
    </ClInclude>
    <ClInclude Include="..\..\..\include\SDL2\SDL_quit.h">
      <Filter>Header Files\SDL2</Filter>
    </ClInclude>
    <ClInclude Include="..\..\..\include\SDL2\SDL_rect.h">
      <Filter>Header Files\SDL2</Filter>
    </ClInclude>
    <ClInclude Include="..\..\..\include\SDL2\SDL_render.h">
      <Filter>Header Files\SDL2</Filter>
    </ClInclude>
    <ClInclude Include="..\..\..\include\SDL2\SDL_revision.h">
      <Filter>Header Files\SDL2</Filter>
    </ClInclude>
    <ClInclude Include="..\..\..\include\SDL2\SDL_rwops.h">
      <Filter>Header Files\SDL2</Filter>
    </ClInclude>
    <ClInclude Include="..\..\..\include\SDL2\SDL_scancode.h">
      <Filter>Header Files\SDL2</Filter>
    </ClInclude>
    <ClInclude Include="..\..\..\include\SDL2\SDL_sensor.h">
      <Filter>Header Files\SDL2</Filter>
    </ClInclude>
    <ClInclude Include="..\..\..\include\SDL2\SDL_shape.h">
      <Filter>Header Files\SDL2</Filter>
    </ClInclude>
    <ClInclude Include="..\..\..\include\SDL2\SDL_stdinc.h">
      <Filter>Header Files\SDL2</Filter>
    </ClInclude>
    <ClInclude Include="..\..\..\include\SDL2\SDL_surface.h">
      <Filter>Header Files\SDL2</Filter>
    </ClInclude>
    <ClInclude Include="..\..\..\include\SDL2\SDL_system.h">
      <Filter>Header Files\SDL2</Filter>
    </ClInclude>
    <ClInclude Include="..\..\..\include\SDL2\SDL_syswm.h">
      <Filter>Header Files\SDL2</Filter>
    </ClInclude>
    <ClInclude Include="..\..\..\include\SDL2\SDL_test.h">
      <Filter>Header Files\SDL2</Filter>
    </ClInclude>
    <ClInclude Include="..\..\..\include\SDL2\SDL_test_assert.h">
      <Filter>Header Files\SDL2</Filter>
    </ClInclude>
    <ClInclude Include="..\..\..\include\SDL2\SDL_test_common.h">
      <Filter>Header Files\SDL2</Filter>
    </ClInclude>
    <ClInclude Include="..\..\..\include\SDL2\SDL_test_compare.h">
      <Filter>Header Files\SDL2</Filter>
    </ClInclude>
    <ClInclude Include="..\..\..\include\SDL2\SDL_test_crc32.h">
      <Filter>Header Files\SDL2</Filter>
    </ClInclude>
    <ClInclude Include="..\..\..\include\SDL2\SDL_test_font.h">
      <Filter>Header Files\SDL2</Filter>
    </ClInclude>
    <ClInclude Include="..\..\..\include\SDL2\SDL_test_fuzzer.h">
      <Filter>Header Files\SDL2</Filter>
    </ClInclude>
    <ClInclude Include="..\..\..\include\SDL2\SDL_test_harness.h">
      <Filter>Header Files\SDL2</Filter>
    </ClInclude>
    <ClInclude Include="..\..\..\include\SDL2\SDL_test_images.h">
      <Filter>Header Files\SDL2</Filter>
    </ClInclude>
    <ClInclude Include="..\..\..\include\SDL2\SDL_test_log.h">
      <Filter>Header Files\SDL2</Filter>
    </ClInclude>
    <ClInclude Include="..\..\..\include\SDL2\SDL_test_md5.h">
      <Filter>Header Files\SDL2</Filter>
    </ClInclude>
    <ClInclude Include="..\..\..\include\SDL2\SDL_test_memory.h">
      <Filter>Header Files\SDL2</Filter>
    </ClInclude>
    <ClInclude Include="..\..\..\include\SDL2\SDL_test_random.h">
      <Filter>Header Files\SDL2</Filter>
    </ClInclude>
    <ClInclude Include="..\..\..\include\SDL2\SDL_thread.h">
      <Filter>Header Files\SDL2</Filter>
    </ClInclude>
    <ClInclude Include="..\..\..\include\SDL2\SDL_timer.h">
      <Filter>Header Files\SDL2</Filter>
    </ClInclude>
    <ClInclude Include="..\..\..\include\SDL2\SDL_touch.h">
      <Filter>Header Files\SDL2</Filter>
    </ClInclude>
    <ClInclude Include="..\..\..\include\SDL2\SDL_ttf.h">
      <Filter>Header Files\SDL2</Filter>
    </ClInclude>
    <ClInclude Include="..\..\..\include\SDL2\SDL_types.h">
      <Filter>Header Files\SDL2</Filter>
    </ClInclude>
    <ClInclude Include="..\..\..\include\SDL2\SDL_version.h">
      <Filter>Header Files\SDL2</Filter>
    </ClInclude>
    <ClInclude Include="..\..\..\include\SDL2\SDL_video.h">
      <Filter>Header Files\SDL2</Filter>
    </ClInclude>
    <ClInclude Include="..\..\..\include\SDL2\SDL_vulkan.h">
      <Filter>Header Files\SDL2</Filter>
    </ClInclude>
    <ClInclude Include="..\..\..\include\SDL2\close_code.h">
      <Filter>Header Files\SDL2</Filter>
    </ClInclude>
    <ClInclude Include="..\..\..\include\SDL2\begin_code.h">
      <Filter>Header Files\SDL2</Filter>
    </ClInclude>
  </ItemGroup>
  <ItemGroup>
    <None Include="..\..\..\roms\rom">
      <Filter>Resource Files</Filter>
    </None>
    <None Include="..\..\..\roms\rom0">
      <Filter>Resource Files</Filter>
    </None>
    <None Include="..\..\..\roms\rom1">
      <Filter>Resource Files</Filter>
    </None>
    <None Include="..\..\..\roms\rom2">
      <Filter>Resource Files</Filter>
    </None>
    <None Include="..\..\..\roms\rom3">
      <Filter>Resource Files</Filter>
    </None>
    <None Include="..\..\..\roms\rom4">
      <Filter>Resource Files</Filter>
    </None>
    <None Include="..\..\..\roms\rom5">
      <Filter>Resource Files</Filter>
    </None>
    <None Include="..\..\..\roms\rom6">
      <Filter>Resource Files</Filter>
    </None>
    <None Include="..\..\..\roms\rom7">
      <Filter>Resource Files</Filter>
    </None>
    <None Include="..\..\..\roms\rom8">
      <Filter>Resource Files</Filter>
    </None>
    <None Include="..\..\..\roms\rom9">
      <Filter>Resource Files</Filter>
    </None>
    <None Include="..\..\..\roms\rom10">
      <Filter>Resource Files</Filter>
    </None>
    <None Include="..\..\..\roms\rom11">
      <Filter>Resource Files</Filter>
    </None>
    <None Include="..\..\..\roms\rom12">
      <Filter>Resource Files</Filter>
    </None>
    <None Include="..\..\..\roms\rom13">
      <Filter>Resource Files</Filter>
    </None>
    <None Include="..\..\..\roms\rom14">
      <Filter>Resource Files</Filter>
    </None>
    <None Include="packages.config" />
    <None Include="tasm1.tab">
      <Filter>Resource Files</Filter>
    </None>
  </ItemGroup>
  <ItemGroup>
    <Text Include="..\..\..\src\Socket_unix.txt">
      <Filter>Resource Files</Filter>
    </Text>
  </ItemGroup>
  <ItemGroup>
    <Image Include="painel.png">
      <Filter>Resource Files</Filter>
    </Image>
  </ItemGroup>
</Project>